{
  "name": "BitMail",
  "version": "0.1.0",
  "lockfileVersion": 1,
  "requires": true,
  "dependencies": {
    "bindings": {
      "version": "1.2.1",
      "resolved": "https://registry.npmjs.org/bindings/-/bindings-1.2.1.tgz",
      "integrity": "sha1-FK1hE4EtLTfXLme0ystLtyZQXxE="
    },
    "deasync": {
      "version": "0.1.12",
      "resolved": "https://registry.npmjs.org/deasync/-/deasync-0.1.12.tgz",
      "integrity": "sha512-gpacYo8FBZh3INBp2KOtrQp9kCO5faHvOmEZx3/cZTr3Mm8/kAYs7/Ws3E3OAH0ApBNK6Y6N+7+Dka2Zn2Fldw==",
      "requires": {
        "bindings": "1.2.1",
        "nan": "2.8.0"
      }
    },
    "deasync-promise": {
      "version": "1.0.1",
      "resolved": "https://registry.npmjs.org/deasync-promise/-/deasync-promise-1.0.1.tgz",
      "integrity": "sha1-KyfeR4Fnr07zS6mYecUuwM7dYcI=",
      "requires": {
        "deasync": "0.1.12"
      }
    },
    "jquery": {
      "version": "3.2.1",
      "resolved": "https://registry.npmjs.org/jquery/-/jquery-3.2.1.tgz",
      "integrity": "sha1-XE2d5lKvbNCncBVKYxu6ErAVx4c="
    },
    "n-readlines": {
      "version": "0.2.8",
      "resolved": "https://registry.npmjs.org/n-readlines/-/n-readlines-0.2.8.tgz",
      "integrity": "sha512-FRr6GU0vooiPAuHMBt/Pspm4htItJKCehs8Q2urdUuigXsdQzP8V03UaQedeCmiygqJwtuGhnidWHRHhUOAg9w=="
    },
    "nan": {
      "version": "2.8.0",
      "resolved": "https://registry.npmjs.org/nan/-/nan-2.8.0.tgz",
      "integrity": "sha1-7XFfP+neArV6XmJS2QqWZ14fCFo="
    },
    "nodemailer": {
      "version": "4.4.1",
      "resolved": "https://registry.npmjs.org/nodemailer/-/nodemailer-4.4.1.tgz",
      "integrity": "sha512-1bnszJJXatcHJhLpxQ1XMkLDjCjPKvGKMtRQ73FOsoNln3UQjddEQmz6fAwM3aj0GtQ3dQX9qtMHPelz63GU7A=="
    },
    "system-sleep": {
      "version": "1.3.6",
      "resolved": "https://registry.npmjs.org/system-sleep/-/system-sleep-1.3.6.tgz",
      "integrity": "sha512-tBQqFUdmuFQhiXtptJR0Nu+fOL0lGFRML2BD0G02bCCCHAZ09Qmu0M/nPzjJL/qx23zQ7arFMo2/LCvfSsgJZA==",
      "requires": {
        "deasync-promise": "1.0.1"
      }
    }
  }
}
